<?xml version="1.0" encoding="utf-8"?>
<Project ToolsVersion="4.0" xmlns="http://schemas.microsoft.com/developer/msbuild/2003">
  <ItemGroup>
    <Filter Include="Source Files">
      <UniqueIdentifier>{4FC737F1-C7A5-4376-A066-2A32D752A2FF}</UniqueIdentifier>
      <Extensions>cpp;c;cc;cxx;c++;cppm;ixx;def;odl;idl;hpj;bat;asm;asmx</Extensions>
    </Filter>
    <Filter Include="Header Files">
      <UniqueIdentifier>{93995380-89BD-4b04-88EB-625FBE52EBFB}</UniqueIdentifier>
      <Extensions>h;hh;hpp;hxx;h++;hm;inl;inc;ipp;xsd</Extensions>
    </Filter>
    <Filter Include="Resource Files">
      <UniqueIdentifier>{67DA6AB6-F800-4c08-8B7A-83BB121AAD01}</UniqueIdentifier>
      <Extensions>rc;ico;cur;bmp;dlg;rc2;rct;bin;rgs;gif;jpg;jpeg;jpe;resx;tiff;tif;png;wav;mfcribbon-ms</Extensions>
    </Filter>
  </ItemGroup>
  <ItemGroup>
    <ClCompile Include="Articulos.cpp">
      <Filter>Source Files</Filter>
    </ClCompile>
    <ClCompile Include="AsistAutomatico.cpp">
      <Filter>Source Files</Filter>
    </ClCompile>
    <ClCompile Include="Cajero.cpp">
      <Filter>Source Files</Filter>
    </ClCompile>
    <ClCompile Include="CarritoCompras.cpp">
      <Filter>Source Files</Filter>
    </ClCompile>
    <ClCompile Include="Cleaner.cpp">
      <Filter>Source Files</Filter>
    </ClCompile>
    <ClCompile Include="Cliente.cpp">
      <Filter>Source Files</Filter>
    </ClCompile>
    <ClCompile Include="Empleado.cpp">
      <Filter>Source Files</Filter>
    </ClCompile>
    <ClCompile Include="EmpleadoOrtopedia.cpp">
      <Filter>Source Files</Filter>
    </ClCompile>
    <ClCompile Include="EmpleadoPerfumeria.cpp">
      <Filter>Source Files</Filter>
    </ClCompile>
    <ClCompile Include="Farmaceutico.cpp">
      <Filter>Source Files</Filter>
    </ClCompile>
    <ClCompile Include="Farmacia.cpp">
      <Filter>Source Files</Filter>
    </ClCompile>
    <ClCompile Include="Golosina.cpp">
      <Filter>Source Files</Filter>
    </ClCompile>
    <ClCompile Include="Local.cpp">
      <Filter>Source Files</Filter>
    </ClCompile>
    <ClCompile Include="Ortopedia.cpp">
      <Filter>Source Files</Filter>
    </ClCompile>
    <ClCompile Include="Perfumeria.cpp">
      <Filter>Source Files</Filter>
    </ClCompile>
    <ClCompile Include="Receta.cpp">
      <Filter>Source Files</Filter>
    </ClCompile>
    <ClCompile Include="Ticket.cpp">
      <Filter>Source Files</Filter>
    </ClCompile>
  </ItemGroup>
  <ItemGroup>
    <ClInclude Include="Articulos.h">
      <Filter>Header Files</Filter>
    </ClInclude>
    <ClInclude Include="AsistAutomatico.h">
      <Filter>Header Files</Filter>
    </ClInclude>
    <ClInclude Include="Cajero.h">
      <Filter>Header Files</Filter>
    </ClInclude>
    <ClInclude Include="CarritoCompras.h">
      <Filter>Header Files</Filter>
    </ClInclude>
    <ClInclude Include="Cleaner.h">
      <Filter>Header Files</Filter>
    </ClInclude>
    <ClInclude Include="Cliente.h">
      <Filter>Header Files</Filter>
    </ClInclude>
    <ClInclude Include="eArticuloOrt.h">
      <Filter>Header Files</Filter>
    </ClInclude>
    <ClInclude Include="eArticuloPerf.h">
      <Filter>Header Files</Filter>
    </ClInclude>
    <ClInclude Include="eFarmacia.h">
      <Filter>Header Files</Filter>
    </ClInclude>
    <ClInclude Include="eMetodoPago.h">
      <Filter>Header Files</Filter>
    </ClInclude>
    <ClInclude Include="Empleado.h">
      <Filter>Header Files</Filter>
    </ClInclude>
    <ClInclude Include="EmpleadoOrtopedia.h">
      <Filter>Header Files</Filter>
    </ClInclude>
    <ClInclude Include="EmpleadoPerfumeria.h">
      <Filter>Header Files</Filter>
    </ClInclude>
    <ClInclude Include="eNecesidad.h">
      <Filter>Header Files</Filter>
    </ClInclude>
    <ClInclude Include="Farmaceutico.h">
      <Filter>Header Files</Filter>
    </ClInclude>
    <ClInclude Include="Farmacia.h">
      <Filter>Header Files</Filter>
    </ClInclude>
    <ClInclude Include="Golosina.h">
      <Filter>Header Files</Filter>
    </ClInclude>
    <ClInclude Include="Local.h">
      <Filter>Header Files</Filter>
    </ClInclude>
    <ClInclude Include="Ortopedia.h">
      <Filter>Header Files</Filter>
    </ClInclude>
    <ClInclude Include="Perfumeria.h">
      <Filter>Header Files</Filter>
    </ClInclude>
    <ClInclude Include="Receta.h">
      <Filter>Header Files</Filter>
    </ClInclude>
    <ClInclude Include="Ticket.h">
      <Filter>Header Files</Filter>
    </ClInclude>
  </ItemGroup>
</Project>